github.com/copartner6412/input/pseudorandom v0.0.0-20240921103329-5bad59728edf h1:kFTSSSCvDmoxnySGiPYmxwaL0wVwoFFxOqFQsn/b05Q=
github.com/copartner6412/input/pseudorandom v0.0.0-20240921103329-5bad59728edf/go.mod h1:TyNLL8bHCxeRcBkadgmeYTpN5OiZZMR/TC+jM4AqQnY=
github.com/copartner6412/input/random v0.0.0-20240928194706-4778fe80061d h1:FSUBgTPExIjINMohGrQ7ozWMZzyxsX97TvOgzE8mo3Y=
github.com/copartner6412/input/random v0.0.0-20240928194706-4778fe80061d/go.mod h1:QTMXiCD1xot9PWBUpgIfeV+BSgC1IgmbJU7EraA4FsU=
github.com/copartner6412/input/validate v0.0.0-20240928194706-4778fe80061d h1:Lfqi1REGtClRBtfO0NJqHcoFaB0n3uBRpfSdy1yY4Tk=
github.com/copartner6412/input/validate v0.0.0-20240928194706-4778fe80061d/go.mod h1:8AL4saqTa6TbGchlMe7lf48K/VCu+4j/WyHiUwRyzks=
